
Microsoft Visual Studio Solution File, Format Version 12.00
# Visual Studio Version 17
VisualStudioVersion = 17.1.32407.343
MinimumVisualStudioVersion = 10.0.40219.1
Project("{FAE04EC0-301F-11D3-BF4B-00C04F79EFBC}") = "To_do_list", "To_do_list\To_do_list.csproj", "{A29AA0FA-BFFB-43C4-90A9-9A8951AC9436}"
EndProject
Global
	GlobalSection(SolutionConfigurationPlatforms) = preSolution
		Debug|Any CPU = Debug|Any CPU
		Release|Any CPU = Release|Any CPU
	EndGlobalSection
	GlobalSection(ProjectConfigurationPlatforms) = postSolution
		{A29AA0FA-BFFB-43C4-90A9-9A8951AC9436}.Debug|Any CPU.ActiveCfg = Debug|Any CPU
		{A29AA0FA-BFFB-43C4-90A9-9A8951AC9436}.Debug|Any CPU.Build.0 = Debug|Any CPU
		{A29AA0FA-BFFB-43C4-90A9-9A8951AC9436}.Release|Any CPU.ActiveCfg = Release|Any CPU
		{A29AA0FA-BFFB-43C4-90A9-9A8951AC9436}.Release|Any CPU.Build.0 = Release|Any CPU
	EndGlobalSection
	GlobalSection(SolutionProperties) = preSolution
		HideSolutionNode = FALSE
	EndGlobalSection
	GlobalSection(ExtensibilityGlobals) = postSolution
		SolutionGuid = {08E7E359-FA33-49CC-AC5B-20701DC52347}
	EndGlobalSection
EndGlobal
